
Microsoft Visual Studio Solution File, Format Version 12.00
# Visual Studio Version 16
VisualStudioVersion = 16.0.29609.76
MinimumVisualStudioVersion = 10.0.40219.1
Project("{FAE04EC0-301F-11D3-BF4B-00C04F79EFBC}") = "ceneval", "ceneval\ceneval.csproj", "{FA570BBE-5742-4D2B-9FC4-D7D2ABC049D9}"
EndProject
Global
	GlobalSection(SolutionConfigurationPlatforms) = preSolution
		Debug|Any CPU = Debug|Any CPU
		Release|Any CPU = Release|Any CPU
	EndGlobalSection
	GlobalSection(ProjectConfigurationPlatforms) = postSolution
		{FA570BBE-5742-4D2B-9FC4-D7D2ABC049D9}.Debug|Any CPU.ActiveCfg = Debug|Any CPU
		{FA570BBE-5742-4D2B-9FC4-D7D2ABC049D9}.Debug|Any CPU.Build.0 = Debug|Any CPU
		{FA570BBE-5742-4D2B-9FC4-D7D2ABC049D9}.Release|Any CPU.ActiveCfg = Release|Any CPU
		{FA570BBE-5742-4D2B-9FC4-D7D2ABC049D9}.Release|Any CPU.Build.0 = Release|Any CPU
	EndGlobalSection
	GlobalSection(SolutionProperties) = preSolution
		HideSolutionNode = FALSE
	EndGlobalSection
	GlobalSection(ExtensibilityGlobals) = postSolution
		SolutionGuid = {172632DC-DF46-42DD-AD3B-6C0E62F38931}
	EndGlobalSection
EndGlobal
